
Microsoft Visual Studio Solution File, Format Version 12.00
# Visual Studio Version 16
VisualStudioVersion = 16.0.31702.278
MinimumVisualStudioVersion = 10.0.40219.1
Project("{FAE04EC0-301F-11D3-BF4B-00C04F79EFBC}") = "Parser", "Parser\Parser.csproj", "{B48A0796-81C9-4DD2-B813-7DE942DC067E}"
EndProject
Project("{FAE04EC0-301F-11D3-BF4B-00C04F79EFBC}") = "HostCore", "HostCore\HostCore.csproj", "{97623CC8-9156-421E-A84E-800FEBE95793}"
EndProject
Global
	GlobalSection(SolutionConfigurationPlatforms) = preSolution
		Debug|Any CPU = Debug|Any CPU
		Release|Any CPU = Release|Any CPU
	EndGlobalSection
	GlobalSection(ProjectConfigurationPlatforms) = postSolution
		{B48A0796-81C9-4DD2-B813-7DE942DC067E}.Debug|Any CPU.ActiveCfg = Debug|Any CPU
		{B48A0796-81C9-4DD2-B813-7DE942DC067E}.Debug|Any CPU.Build.0 = Debug|Any CPU
		{B48A0796-81C9-4DD2-B813-7DE942DC067E}.Release|Any CPU.ActiveCfg = Release|Any CPU
		{B48A0796-81C9-4DD2-B813-7DE942DC067E}.Release|Any CPU.Build.0 = Release|Any CPU
		{97623CC8-9156-421E-A84E-800FEBE95793}.Debug|Any CPU.ActiveCfg = Debug|Any CPU
		{97623CC8-9156-421E-A84E-800FEBE95793}.Debug|Any CPU.Build.0 = Debug|Any CPU
		{97623CC8-9156-421E-A84E-800FEBE95793}.Release|Any CPU.ActiveCfg = Release|Any CPU
		{97623CC8-9156-421E-A84E-800FEBE95793}.Release|Any CPU.Build.0 = Release|Any CPU
	EndGlobalSection
	GlobalSection(SolutionProperties) = preSolution
		HideSolutionNode = FALSE
	EndGlobalSection
	GlobalSection(ExtensibilityGlobals) = postSolution
		SolutionGuid = {0A3B9972-B03B-4ABA-9816-4B87F16D1698}
	EndGlobalSection
EndGlobal
